
Microsoft Visual Studio Solution File, Format Version 12.00
# Visual Studio Version 17
VisualStudioVersion = 17.5.002.0
MinimumVisualStudioVersion = 10.0.40219.1
Project("{9A19103F-16F7-4668-BE54-9A1E7A4F7556}") = "back_api", "back_api\back_api.csproj", "{AB402655-6FBC-4141-9AC1-55DB4CFEB79D}"
EndProject
Global
	GlobalSection(SolutionConfigurationPlatforms) = preSolution
		Debug|Any CPU = Debug|Any CPU
		Release|Any CPU = Release|Any CPU
	EndGlobalSection
	GlobalSection(ProjectConfigurationPlatforms) = postSolution
		{AB402655-6FBC-4141-9AC1-55DB4CFEB79D}.Debug|Any CPU.ActiveCfg = Debug|Any CPU
		{AB402655-6FBC-4141-9AC1-55DB4CFEB79D}.Debug|Any CPU.Build.0 = Debug|Any CPU
		{AB402655-6FBC-4141-9AC1-55DB4CFEB79D}.Release|Any CPU.ActiveCfg = Release|Any CPU
		{AB402655-6FBC-4141-9AC1-55DB4CFEB79D}.Release|Any CPU.Build.0 = Release|Any CPU
	EndGlobalSection
	GlobalSection(SolutionProperties) = preSolution
		HideSolutionNode = FALSE
	EndGlobalSection
	GlobalSection(ExtensibilityGlobals) = postSolution
		SolutionGuid = {03F46BE7-FEA8-4AF9-86F2-C5456160D957}
	EndGlobalSection
EndGlobal
